
Microsoft Visual Studio Solution File, Format Version 12.00
# Visual Studio 15
VisualStudioVersion = 15.0.27004.2002
MinimumVisualStudioVersion = 10.0.40219.1
Project("{FAE04EC0-301F-11D3-BF4B-00C04F79EFBC}") = "HomeWork12", "HomeWork12\HomeWork12.csproj", "{0B64F58D-F529-41AA-B7C8-84C12A2299EE}"
EndProject
Global
	GlobalSection(SolutionConfigurationPlatforms) = preSolution
		Debug|Any CPU = Debug|Any CPU
		Release|Any CPU = Release|Any CPU
	EndGlobalSection
	GlobalSection(ProjectConfigurationPlatforms) = postSolution
		{0B64F58D-F529-41AA-B7C8-84C12A2299EE}.Debug|Any CPU.ActiveCfg = Debug|Any CPU
		{0B64F58D-F529-41AA-B7C8-84C12A2299EE}.Debug|Any CPU.Build.0 = Debug|Any CPU
		{0B64F58D-F529-41AA-B7C8-84C12A2299EE}.Release|Any CPU.ActiveCfg = Release|Any CPU
		{0B64F58D-F529-41AA-B7C8-84C12A2299EE}.Release|Any CPU.Build.0 = Release|Any CPU
	EndGlobalSection
	GlobalSection(SolutionProperties) = preSolution
		HideSolutionNode = FALSE
	EndGlobalSection
	GlobalSection(ExtensibilityGlobals) = postSolution
		SolutionGuid = {D72FA97A-7DAD-4F18-98FE-3BBFFB292051}
	EndGlobalSection
EndGlobal
